
Microsoft Visual Studio Solution File, Format Version 12.00
# Visual Studio Version 17
VisualStudioVersion = 17.14.37531.7 d17.14
MinimumVisualStudioVersion = 10.0.40219.1
Project("{FAE04EC0-301F-11D3-BF4B-00C04F79EFBC}") = "CreditManagementApi", "CreditManagementApi\CreditManagementApi.csproj", "{972687EE-6B77-483D-9A27-78653C3C8DBC}"
EndProject
Global
	GlobalSection(SolutionConfigurationPlatforms) = preSolution
		Debug|Any CPU = Debug|Any CPU
		Release|Any CPU = Release|Any CPU
	EndGlobalSection
	GlobalSection(ProjectConfigurationPlatforms) = postSolution
		{972687EE-6B77-483D-9A27-78653C3C8DBC}.Debug|Any CPU.ActiveCfg = Debug|Any CPU
		{972687EE-6B77-483D-9A27-78653C3C8DBC}.Debug|Any CPU.Build.0 = Debug|Any CPU
		{972687EE-6B77-483D-9A27-78653C3C8DBC}.Release|Any CPU.ActiveCfg = Release|Any CPU
		{972687EE-6B77-483D-9A27-78653C3C8DBC}.Release|Any CPU.Build.0 = Release|Any CPU
	EndGlobalSection
	GlobalSection(SolutionProperties) = preSolution
		HideSolutionNode = FALSE
	EndGlobalSection
	GlobalSection(ExtensibilityGlobals) = postSolution
		SolutionGuid = {B60ECD99-1032-4B00-BDCE-86548CDEA2F1}
	EndGlobalSection
EndGlobal
